
Microsoft Visual Studio Solution File, Format Version 12.00
Project("{2150E333-8FDC-42A3-9474-1A3956D46DE8}") = "src", "src", "{09EF9CD9-90AD-4B20-80EA-A651B420AB82}"
EndProject
Project("{2150E333-8FDC-42A3-9474-1A3956D46DE8}") = "test", "test", "{55416CBF-2E2E-4453-A482-BDE0CCD786E5}"
EndProject
Project("{FAE04EC0-301F-11D3-BF4B-00C04F79EFBC}") = "PCA", "src\PCA.csproj", "{F7B8DFF9-8B2C-4535-9505-4F6B8865716B}"
EndProject
Project("{2150E333-8FDC-42A3-9474-1A3956D46DE8}") = "lib", "lib", "{81873F41-75FD-4E4F-8341-F3A3B63BD26F}"
EndProject
Project("{2150E333-8FDC-42A3-9474-1A3956D46DE8}") = "rabbitmq", "rabbitmq", "{E5A83465-FFAE-400E-B763-0C71CB5B777D}"
EndProject
Project("{2150E333-8FDC-42A3-9474-1A3956D46DE8}") = "src", "src", "{7AB852DF-DB80-4BD0-8A0C-972464780636}"
EndProject
Project("{FAE04EC0-301F-11D3-BF4B-00C04F79EFBC}") = "PCA.RabbitMq", "lib\rabbitmq\src\PCA.RabbitMq\PCA.RabbitMq.csproj", "{F74A2A97-EEC3-4E25-B012-FAB4646188AA}"
EndProject
Project("{2150E333-8FDC-42A3-9474-1A3956D46DE8}") = "test", "test", "{63ECFC90-B193-4FB2-8114-FEE92FFCCCED}"
EndProject
Project("{2150E333-8FDC-42A3-9474-1A3956D46DE8}") = "sample", "sample", "{739F8242-FF29-477D-9BEF-62502E24E6A8}"
EndProject
Global
	GlobalSection(SolutionConfigurationPlatforms) = preSolution
		Debug|Any CPU = Debug|Any CPU
		Release|Any CPU = Release|Any CPU
	EndGlobalSection
	GlobalSection(ProjectConfigurationPlatforms) = postSolution
		{F7B8DFF9-8B2C-4535-9505-4F6B8865716B}.Debug|Any CPU.ActiveCfg = Debug|Any CPU
		{F7B8DFF9-8B2C-4535-9505-4F6B8865716B}.Debug|Any CPU.Build.0 = Debug|Any CPU
		{F7B8DFF9-8B2C-4535-9505-4F6B8865716B}.Release|Any CPU.ActiveCfg = Release|Any CPU
		{F7B8DFF9-8B2C-4535-9505-4F6B8865716B}.Release|Any CPU.Build.0 = Release|Any CPU
		{F74A2A97-EEC3-4E25-B012-FAB4646188AA}.Debug|Any CPU.ActiveCfg = Debug|Any CPU
		{F74A2A97-EEC3-4E25-B012-FAB4646188AA}.Debug|Any CPU.Build.0 = Debug|Any CPU
		{F74A2A97-EEC3-4E25-B012-FAB4646188AA}.Release|Any CPU.ActiveCfg = Release|Any CPU
		{F74A2A97-EEC3-4E25-B012-FAB4646188AA}.Release|Any CPU.Build.0 = Release|Any CPU
	EndGlobalSection
	GlobalSection(NestedProjects) = preSolution
		{F7B8DFF9-8B2C-4535-9505-4F6B8865716B} = {09EF9CD9-90AD-4B20-80EA-A651B420AB82}
		{E5A83465-FFAE-400E-B763-0C71CB5B777D} = {81873F41-75FD-4E4F-8341-F3A3B63BD26F}
		{7AB852DF-DB80-4BD0-8A0C-972464780636} = {E5A83465-FFAE-400E-B763-0C71CB5B777D}
		{F74A2A97-EEC3-4E25-B012-FAB4646188AA} = {7AB852DF-DB80-4BD0-8A0C-972464780636}
		{63ECFC90-B193-4FB2-8114-FEE92FFCCCED} = {E5A83465-FFAE-400E-B763-0C71CB5B777D}
		{739F8242-FF29-477D-9BEF-62502E24E6A8} = {E5A83465-FFAE-400E-B763-0C71CB5B777D}
	EndGlobalSection
EndGlobal
